// !$*UTF8*$!
{
	archiveVersion = 1;
	classes = {
	};
	objectVersion = 56;
	objects = {

/* Begin PBXBuildFile section */
		6F9B72C02C6DA4B900B38A33 /* Cocoa.framework in Frameworks */ = {isa = PBXBuildFile; fileRef = 6F9B72BF2C6DA4B900B38A33 /* Cocoa.framework */; };
		6F9B72C52C6DA4B900B38A33 /* SourceEditorExtension.swift in Sources */ = {isa = PBXBuildFile; fileRef = 6F9B72C42C6DA4B900B38A33 /* SourceEditorExtension.swift */; };
		6F9B72C72C6DA4B900B38A33 /* SourceEditorCommand.swift in Sources */ = {isa = PBXBuildFile; fileRef = 6F9B72C62C6DA4B900B38A33 /* SourceEditorCommand.swift */; };
		6F9B72CC2C6DA4B900B38A33 /* CommentsExtension.appex in Embed Foundation Extensions */ = {isa = PBXBuildFile; fileRef = 6F9B72BD2C6DA4B900B38A33 /* CommentsExtension.appex */; settings = {ATTRIBUTES = (RemoveHeadersOnCopy, ); }; };
		6FA029DA2C6DA2AC009135A4 /* CommentsApp.swift in Sources */ = {isa = PBXBuildFile; fileRef = 6FA029D92C6DA2AC009135A4 /* CommentsApp.swift */; };
		6FA029DC2C6DA2AC009135A4 /* ContentView.swift in Sources */ = {isa = PBXBuildFile; fileRef = 6FA029DB2C6DA2AC009135A4 /* ContentView.swift */; };
		6FA029DE2C6DA2AD009135A4 /* Assets.xcassets in Resources */ = {isa = PBXBuildFile; fileRef = 6FA029DD2C6DA2AD009135A4 /* Assets.xcassets */; };
		6FA029E12C6DA2AD009135A4 /* Preview Assets.xcassets in Resources */ = {isa = PBXBuildFile; fileRef = 6FA029E02C6DA2AD009135A4 /* Preview Assets.xcassets */; };
		D5C040182C6DA77800883E4B /* XcodeKit.framework in Frameworks */ = {isa = PBXBuildFile; fileRef = 6F9B72C12C6DA4B900B38A33 /* XcodeKit.framework */; };
		D5C040192C6DA77800883E4B /* XcodeKit.framework in Embed Frameworks */ = {isa = PBXBuildFile; fileRef = 6F9B72C12C6DA4B900B38A33 /* XcodeKit.framework */; settings = {ATTRIBUTES = (CodeSignOnCopy, RemoveHeadersOnCopy, ); }; };
/* End PBXBuildFile section */

/* Begin PBXContainerItemProxy section */
		6F9B72CA2C6DA4B900B38A33 /* PBXContainerItemProxy */ = {
			isa = PBXContainerItemProxy;
			containerPortal = 6FA029CE2C6DA2AC009135A4 /* Project object */;
			proxyType = 1;
			remoteGlobalIDString = 6F9B72BC2C6DA4B900B38A33;
			remoteInfo = CommentsExtension;
		};
/* End PBXContainerItemProxy section */

/* Begin PBXCopyFilesBuildPhase section */
		6F9B72CD2C6DA4B900B38A33 /* Embed Foundation Extensions */ = {
			isa = PBXCopyFilesBuildPhase;
			buildActionMask = 2147483647;
			dstPath = "";
			dstSubfolderSpec = 13;
			files = (
				6F9B72CC2C6DA4B900B38A33 /* CommentsExtension.appex in Embed Foundation Extensions */,
			);
			name = "Embed Foundation Extensions";
			runOnlyForDeploymentPostprocessing = 0;
		};
		D5C0401A2C6DA77800883E4B /* Embed Frameworks */ = {
			isa = PBXCopyFilesBuildPhase;
			buildActionMask = 2147483647;
			dstPath = "";
			dstSubfolderSpec = 10;
			files = (
				D5C040192C6DA77800883E4B /* XcodeKit.framework in Embed Frameworks */,
			);
			name = "Embed Frameworks";
			runOnlyForDeploymentPostprocessing = 0;
		};
/* End PBXCopyFilesBuildPhase section */

/* Begin PBXFileReference section */
		6F9B72BD2C6DA4B900B38A33 /* CommentsExtension.appex */ = {isa = PBXFileReference; explicitFileType = "wrapper.app-extension"; includeInIndex = 0; path = CommentsExtension.appex; sourceTree = BUILT_PRODUCTS_DIR; };
		6F9B72BF2C6DA4B900B38A33 /* Cocoa.framework */ = {isa = PBXFileReference; lastKnownFileType = wrapper.framework; name = Cocoa.framework; path = System/Library/Frameworks/Cocoa.framework; sourceTree = SDKROOT; };
		6F9B72C12C6DA4B900B38A33 /* XcodeKit.framework */ = {isa = PBXFileReference; lastKnownFileType = wrapper.framework; name = XcodeKit.framework; path = Library/Frameworks/XcodeKit.framework; sourceTree = DEVELOPER_DIR; };
		6F9B72C42C6DA4B900B38A33 /* SourceEditorExtension.swift */ = {isa = PBXFileReference; lastKnownFileType = sourcecode.swift; path = SourceEditorExtension.swift; sourceTree = "<group>"; };
		6F9B72C62C6DA4B900B38A33 /* SourceEditorCommand.swift */ = {isa = PBXFileReference; lastKnownFileType = sourcecode.swift; path = SourceEditorCommand.swift; sourceTree = "<group>"; };
		6F9B72C82C6DA4B900B38A33 /* Info.plist */ = {isa = PBXFileReference; lastKnownFileType = text.plist.xml; path = Info.plist; sourceTree = "<group>"; };
		6F9B72C92C6DA4B900B38A33 /* CommentsExtension.entitlements */ = {isa = PBXFileReference; lastKnownFileType = text.plist.entitlements; path = CommentsExtension.entitlements; sourceTree = "<group>"; };
		6FA029D62C6DA2AC009135A4 /* Comments.app */ = {isa = PBXFileReference; explicitFileType = wrapper.application; includeInIndex = 0; path = Comments.app; sourceTree = BUILT_PRODUCTS_DIR; };
		6FA029D92C6DA2AC009135A4 /* CommentsApp.swift */ = {isa = PBXFileReference; lastKnownFileType = sourcecode.swift; path = CommentsApp.swift; sourceTree = "<group>"; };
		6FA029DB2C6DA2AC009135A4 /* ContentView.swift */ = {isa = PBXFileReference; lastKnownFileType = sourcecode.swift; path = ContentView.swift; sourceTree = "<group>"; };
		6FA029DD2C6DA2AD009135A4 /* Assets.xcassets */ = {isa = PBXFileReference; lastKnownFileType = folder.assetcatalog; path = Assets.xcassets; sourceTree = "<group>"; };
		6FA029E02C6DA2AD009135A4 /* Preview Assets.xcassets */ = {isa = PBXFileReference; lastKnownFileType = folder.assetcatalog; path = "Preview Assets.xcassets"; sourceTree = "<group>"; };
		6FA029E22C6DA2AD009135A4 /* Comments.entitlements */ = {isa = PBXFileReference; lastKnownFileType = text.plist.entitlements; path = Comments.entitlements; sourceTree = "<group>"; };
/* End PBXFileReference section */

/* Begin PBXFrameworksBuildPhase section */
		6F9B72BA2C6DA4B900B38A33 /* Frameworks */ = {
			isa = PBXFrameworksBuildPhase;
			buildActionMask = 2147483647;
			files = (
				6F9B72C02C6DA4B900B38A33 /* Cocoa.framework in Frameworks */,
				D5C040182C6DA77800883E4B /* XcodeKit.framework in Frameworks */,
			);
			runOnlyForDeploymentPostprocessing = 0;
		};
		6FA029D32C6DA2AC009135A4 /* Frameworks */ = {
			isa = PBXFrameworksBuildPhase;
			buildActionMask = 2147483647;
			files = (
			);
			runOnlyForDeploymentPostprocessing = 0;
		};
/* End PBXFrameworksBuildPhase section */

/* Begin PBXGroup section */
		6F9B72BE2C6DA4B900B38A33 /* Frameworks */ = {
			isa = PBXGroup;
			children = (
				6F9B72BF2C6DA4B900B38A33 /* Cocoa.framework */,
				6F9B72C12C6DA4B900B38A33 /* XcodeKit.framework */,
			);
			name = Frameworks;
			sourceTree = "<group>";
		};
		6F9B72C32C6DA4B900B38A33 /* CommentsExtension */ = {
			isa = PBXGroup;
			children = (
				6F9B72C42C6DA4B900B38A33 /* SourceEditorExtension.swift */,
				6F9B72C62C6DA4B900B38A33 /* SourceEditorCommand.swift */,
				6F9B72C82C6DA4B900B38A33 /* Info.plist */,
				6F9B72C92C6DA4B900B38A33 /* CommentsExtension.entitlements */,
			);
			path = CommentsExtension;
			sourceTree = "<group>";
		};
		6FA029CD2C6DA2AC009135A4 = {
			isa = PBXGroup;
			children = (
				6FA029D82C6DA2AC009135A4 /* Comments */,
				6F9B72C32C6DA4B900B38A33 /* CommentsExtension */,
				6F9B72BE2C6DA4B900B38A33 /* Frameworks */,
				6FA029D72C6DA2AC009135A4 /* Products */,
			);
			sourceTree = "<group>";
		};
		6FA029D72C6DA2AC009135A4 /* Products */ = {
			isa = PBXGroup;
			children = (
				6FA029D62C6DA2AC009135A4 /* Comments.app */,
				6F9B72BD2C6DA4B900B38A33 /* CommentsExtension.appex */,
			);
			name = Products;
			sourceTree = "<group>";
		};
		6FA029D82C6DA2AC009135A4 /* Comments */ = {
			isa = PBXGroup;
			children = (
				6FA029D92C6DA2AC009135A4 /* CommentsApp.swift */,
				6FA029DB2C6DA2AC009135A4 /* ContentView.swift */,
				6FA029DD2C6DA2AD009135A4 /* Assets.xcassets */,
				6FA029E22C6DA2AD009135A4 /* Comments.entitlements */,
				6FA029DF2C6DA2AD009135A4 /* Preview Content */,
			);
			path = Comments;
			sourceTree = "<group>";
		};
		6FA029DF2C6DA2AD009135A4 /* Preview Content */ = {
			isa = PBXGroup;
			children = (
				6FA029E02C6DA2AD009135A4 /* Preview Assets.xcassets */,
			);
			path = "Preview Content";
			sourceTree = "<group>";
		};
/* End PBXGroup section */

/* Begin PBXNativeTarget section */
		6F9B72BC2C6DA4B900B38A33 /* CommentsExtension */ = {
			isa = PBXNativeTarget;
			buildConfigurationList = 6F9B72D02C6DA4B900B38A33 /* Build configuration list for PBXNativeTarget "CommentsExtension" */;
			buildPhases = (
				6F9B72B92C6DA4B900B38A33 /* Sources */,
				6F9B72BA2C6DA4B900B38A33 /* Frameworks */,
				6F9B72BB2C6DA4B900B38A33 /* Resources */,
				D5C0401A2C6DA77800883E4B /* Embed Frameworks */,
			);
			buildRules = (
			);
			dependencies = (
			);
			name = CommentsExtension;
			productName = CommentsExtension;
			productReference = 6F9B72BD2C6DA4B900B38A33 /* CommentsExtension.appex */;
			productType = "com.apple.product-type.xcode-extension";
		};
		6FA029D52C6DA2AC009135A4 /* Comments */ = {
			isa = PBXNativeTarget;
			buildConfigurationList = 6FA029E52C6DA2AD009135A4 /* Build configuration list for PBXNativeTarget "Comments" */;
			buildPhases = (
				6FA029D22C6DA2AC009135A4 /* Sources */,
				6FA029D32C6DA2AC009135A4 /* Frameworks */,
				6FA029D42C6DA2AC009135A4 /* Resources */,
				6F9B72CD2C6DA4B900B38A33 /* Embed Foundation Extensions */,
			);
			buildRules = (
			);
			dependencies = (
				6F9B72CB2C6DA4B900B38A33 /* PBXTargetDependency */,
			);
			name = Comments;
			productName = Comments;
			productReference = 6FA029D62C6DA2AC009135A4 /* Comments.app */;
			productType = "com.apple.product-type.application";
		};
/* End PBXNativeTarget section */

/* Begin PBXProject section */
		6FA029CE2C6DA2AC009135A4 /* Project object */ = {
			isa = PBXProject;
			attributes = {
				BuildIndependentTargetsInParallel = 1;
				LastSwiftUpdateCheck = 1520;
				LastUpgradeCheck = 1520;
				TargetAttributes = {
					6F9B72BC2C6DA4B900B38A33 = {
						CreatedOnToolsVersion = 15.2;
					};
					6FA029D52C6DA2AC009135A4 = {
						CreatedOnToolsVersion = 15.2;
					};
				};
			};
			buildConfigurationList = 6FA029D12C6DA2AC009135A4 /* Build configuration list for PBXProject "Comments" */;
			compatibilityVersion = "Xcode 14.0";
			developmentRegion = en;
			hasScannedForEncodings = 0;
			knownRegions = (
				en,
				Base,
			);
			mainGroup = 6FA029CD2C6DA2AC009135A4;
			productRefGroup = 6FA029D72C6DA2AC009135A4 /* Products */;
			projectDirPath = "";
			projectRoot = "";
			targets = (
				6FA029D52C6DA2AC009135A4 /* Comments */,
				6F9B72BC2C6DA4B900B38A33 /* CommentsExtension */,
			);
		};
/* End PBXProject section */

/* Begin PBXResourcesBuildPhase section */
		6F9B72BB2C6DA4B900B38A33 /* Resources */ = {
			isa = PBXResourcesBuildPhase;
			buildActionMask = 2147483647;
			files = (
			);
			runOnlyForDeploymentPostprocessing = 0;
		};
		6FA029D42C6DA2AC009135A4 /* Resources */ = {
			isa = PBXResourcesBuildPhase;
			buildActionMask = 2147483647;
			files = (
				6FA029E12C6DA2AD009135A4 /* Preview Assets.xcassets in Resources */,
				6FA029DE2C6DA2AD009135A4 /* Assets.xcassets in Resources */,
			);
			runOnlyForDeploymentPostprocessing = 0;
		};
/* End PBXResourcesBuildPhase section */

/* Begin PBXSourcesBuildPhase section */
		6F9B72B92C6DA4B900B38A33 /* Sources */ = {
			isa = PBXSourcesBuildPhase;
			buildActionMask = 2147483647;
			files = (
				6F9B72C52C6DA4B900B38A33 /* SourceEditorExtension.swift in Sources */,
				6F9B72C72C6DA4B900B38A33 /* SourceEditorCommand.swift in Sources */,
			);
			runOnlyForDeploymentPostprocessing = 0;
		};
		6FA029D22C6DA2AC009135A4 /* Sources */ = {
			isa = PBXSourcesBuildPhase;
			buildActionMask = 2147483647;
			files = (
				6FA029DC2C6DA2AC009135A4 /* ContentView.swift in Sources */,
				6FA029DA2C6DA2AC009135A4 /* CommentsApp.swift in Sources */,
			);
			runOnlyForDeploymentPostprocessing = 0;
		};
/* End PBXSourcesBuildPhase section */

/* Begin PBXTargetDependency section */
		6F9B72CB2C6DA4B900B38A33 /* PBXTargetDependency */ = {
			isa = PBXTargetDependency;
			target = 6F9B72BC2C6DA4B900B38A33 /* CommentsExtension */;
			targetProxy = 6F9B72CA2C6DA4B900B38A33 /* PBXContainerItemProxy */;
		};
/* End PBXTargetDependency section */

/* Begin XCBuildConfiguration section */
		6F9B72CE2C6DA4B900B38A33 /* Debug */ = {
			isa = XCBuildConfiguration;
			buildSettings = {
				CODE_SIGN_ENTITLEMENTS = CommentsExtension/CommentsExtension.entitlements;
				CODE_SIGN_STYLE = Automatic;
				COMBINE_HIDPI_IMAGES = YES;
				CURRENT_PROJECT_VERSION = 1;
				DEVELOPMENT_TEAM = 67LK844XT5;
				ENABLE_HARDENED_RUNTIME = YES;
				GENERATE_INFOPLIST_FILE = YES;
				INFOPLIST_FILE = CommentsExtension/Info.plist;
				INFOPLIST_KEY_CFBundleDisplayName = CommentsExtension;
				INFOPLIST_KEY_NSHumanReadableCopyright = "";
				LD_RUNPATH_SEARCH_PATHS = (
					"$(inherited)",
					"@executable_path/../Frameworks",
					"@executable_path/../../../../Frameworks",
				);
				MACOSX_DEPLOYMENT_TARGET = 13.0;
				MARKETING_VERSION = 1.0;
				PRODUCT_BUNDLE_IDENTIFIER = com.0x0o.Comments.CommentsExtension;
				PRODUCT_NAME = "$(TARGET_NAME)";
				SKIP_INSTALL = YES;
				SWIFT_EMIT_LOC_STRINGS = YES;
				SWIFT_VERSION = 5.0;
			};
			name = Debug;
		};
		6F9B72CF2C6DA4B900B38A33 /* Release */ = {
			isa = XCBuildConfiguration;
			buildSettings = {
				CODE_SIGN_ENTITLEMENTS = CommentsExtension/CommentsExtension.entitlements;
				CODE_SIGN_STYLE = Automatic;
				COMBINE_HIDPI_IMAGES = YES;
				CURRENT_PROJECT_VERSION = 1;
				DEVELOPMENT_TEAM = 67LK844XT5;
				ENABLE_HARDENED_RUNTIME = YES;
				GENERATE_INFOPLIST_FILE = YES;
				INFOPLIST_FILE = CommentsExtension/Info.plist;
				INFOPLIST_KEY_CFBundleDisplayName = CommentsExtension;
				INFOPLIST_KEY_NSHumanReadableCopyright = "";
				LD_RUNPATH_SEARCH_PATHS = (
					"$(inherited)",
					"@executable_path/../Frameworks",
					"@executable_path/../../../../Frameworks",
				);
				MACOSX_DEPLOYMENT_TARGET = 13.0;
				MARKETING_VERSION = 1.0;
				PRODUCT_BUNDLE_IDENTIFIER = com.0x0o.Comments.CommentsExtension;
				PRODUCT_NAME = "$(TARGET_NAME)";
				SKIP_INSTALL = YES;
				SWIFT_EMIT_LOC_STRINGS = YES;
				SWIFT_VERSION = 5.0;
			};
			name = Release;
		};
		6FA029E32C6DA2AD009135A4 /* Debug */ = {
			isa = XCBuildConfiguration;
			buildSettings = {
				ALWAYS_SEARCH_USER_PATHS = NO;
				ASSETCATALOG_COMPILER_GENERATE_SWIFT_ASSET_SYMBOL_EXTENSIONS = YES;
				CLANG_ANALYZER_NONNULL = YES;
				CLANG_ANALYZER_NUMBER_OBJECT_CONVERSION = YES_AGGRESSIVE;
				CLANG_CXX_LANGUAGE_STANDARD = "gnu++20";
				CLANG_ENABLE_MODULES = YES;
				CLANG_ENABLE_OBJC_ARC = YES;
				CLANG_ENABLE_OBJC_WEAK = YES;
				CLANG_WARN_BLOCK_CAPTURE_AUTORELEASING = YES;
				CLANG_WARN_BOOL_CONVERSION = YES;
				CLANG_WARN_COMMA = YES;
				CLANG_WARN_CONSTANT_CONVERSION = YES;
				CLANG_WARN_DEPRECATED_OBJC_IMPLEMENTATIONS = YES;
				CLANG_WARN_DIRECT_OBJC_ISA_USAGE = YES_ERROR;
				CLANG_WARN_DOCUMENTATION_COMMENTS = YES;
				CLANG_WARN_EMPTY_BODY = YES;
				CLANG_WARN_ENUM_CONVERSION = YES;
				CLANG_WARN_INFINITE_RECURSION = YES;
				CLANG_WARN_INT_CONVERSION = YES;
				CLANG_WARN_NON_LITERAL_NULL_CONVERSION = YES;
				CLANG_WARN_OBJC_IMPLICIT_RETAIN_SELF = YES;
				CLANG_WARN_OBJC_LITERAL_CONVERSION = YES;
				CLANG_WARN_OBJC_ROOT_CLASS = YES_ERROR;
				CLANG_WARN_QUOTED_INCLUDE_IN_FRAMEWORK_HEADER = YES;
				CLANG_WARN_RANGE_LOOP_ANALYSIS = YES;
				CLANG_WARN_STRICT_PROTOTYPES = YES;
				CLANG_WARN_SUSPICIOUS_MOVE = YES;
				CLANG_WARN_UNGUARDED_AVAILABILITY = YES_AGGRESSIVE;
				CLANG_WARN_UNREACHABLE_CODE = YES;
				CLANG_WARN__DUPLICATE_METHOD_MATCH = YES;
				COPY_PHASE_STRIP = NO;
				DEBUG_INFORMATION_FORMAT = dwarf;
				ENABLE_STRICT_OBJC_MSGSEND = YES;
				ENABLE_TESTABILITY = YES;
				ENABLE_USER_SCRIPT_SANDBOXING = YES;
				GCC_C_LANGUAGE_STANDARD = gnu17;
				GCC_DYNAMIC_NO_PIC = NO;
				GCC_NO_COMMON_BLOCKS = YES;
				GCC_OPTIMIZATION_LEVEL = 0;
				GCC_PREPROCESSOR_DEFINITIONS = (
					"DEBUG=1",
					"$(inherited)",
				);
				GCC_WARN_64_TO_32_BIT_CONVERSION = YES;
				GCC_WARN_ABOUT_RETURN_TYPE = YES_ERROR;
				GCC_WARN_UNDECLARED_SELECTOR = YES;
				GCC_WARN_UNINITIALIZED_AUTOS = YES_AGGRESSIVE;
				GCC_WARN_UNUSED_FUNCTION = YES;
				GCC_WARN_UNUSED_VARIABLE = YES;
				LOCALIZATION_PREFERS_STRING_CATALOGS = YES;
				MACOSX_DEPLOYMENT_TARGET = 14.0;
				MTL_ENABLE_DEBUG_INFO = INCLUDE_SOURCE;
				MTL_FAST_MATH = YES;
				ONLY_ACTIVE_ARCH = YES;
				SDKROOT = macosx;
				SWIFT_ACTIVE_COMPILATION_CONDITIONS = "DEBUG $(inherited)";
				SWIFT_OPTIMIZATION_LEVEL = "-Onone";
			};
			name = Debug;
		};
		6FA029E42C6DA2AD009135A4 /* Release */ = {
			isa = XCBuildConfiguration;
			buildSettings = {
				ALWAYS_SEARCH_USER_PATHS = NO;
				ASSETCATALOG_COMPILER_GENERATE_SWIFT_ASSET_SYMBOL_EXTENSIONS = YES;
				CLANG_ANALYZER_NONNULL = YES;
				CLANG_ANALYZER_NUMBER_OBJECT_CONVERSION = YES_AGGRESSIVE;
				CLANG_CXX_LANGUAGE_STANDARD = "gnu++20";
				CLANG_ENABLE_MODULES = YES;
				CLANG_ENABLE_OBJC_ARC = YES;
				CLANG_ENABLE_OBJC_WEAK = YES;
				CLANG_WARN_BLOCK_CAPTURE_AUTORELEASING = YES;
				CLANG_WARN_BOOL_CONVERSION = YES;
				CLANG_WARN_COMMA = YES;
				CLANG_WARN_CONSTANT_CONVERSION = YES;
				CLANG_WARN_DEPRECATED_OBJC_IMPLEMENTATIONS = YES;
				CLANG_WARN_DIRECT_OBJC_ISA_USAGE = YES_ERROR;
				CLANG_WARN_DOCUMENTATION_COMMENTS = YES;
				CLANG_WARN_EMPTY_BODY = YES;
				CLANG_WARN_ENUM_CONVERSION = YES;
				CLANG_WARN_INFINITE_RECURSION = YES;
				CLANG_WARN_INT_CONVERSION = YES;
				CLANG_WARN_NON_LITERAL_NULL_CONVERSION = YES;
				CLANG_WARN_OBJC_IMPLICIT_RETAIN_SELF = YES;
				CLANG_WARN_OBJC_LITERAL_CONVERSION = YES;
				CLANG_WARN_OBJC_ROOT_CLASS = YES_ERROR;
				CLANG_WARN_QUOTED_INCLUDE_IN_FRAMEWORK_HEADER = YES;
				CLANG_WARN_RANGE_LOOP_ANALYSIS = YES;
				CLANG_WARN_STRICT_PROTOTYPES = YES;
				CLANG_WARN_SUSPICIOUS_MOVE = YES;
				CLANG_WARN_UNGUARDED_AVAILABILITY = YES_AGGRESSIVE;
				CLANG_WARN_UNREACHABLE_CODE = YES;
				CLANG_WARN__DUPLICATE_METHOD_MATCH = YES;
				COPY_PHASE_STRIP = NO;
				DEBUG_INFORMATION_FORMAT = "dwarf-with-dsym";
				ENABLE_NS_ASSERTIONS = NO;
				ENABLE_STRICT_OBJC_MSGSEND = YES;
				ENABLE_USER_SCRIPT_SANDBOXING = YES;
				GCC_C_LANGUAGE_STANDARD = gnu17;
				GCC_NO_COMMON_BLOCKS = YES;
				GCC_WARN_64_TO_32_BIT_CONVERSION = YES;
				GCC_WARN_ABOUT_RETURN_TYPE = YES_ERROR;
				GCC_WARN_UNDECLARED_SELECTOR = YES;
				GCC_WARN_UNINITIALIZED_AUTOS = YES_AGGRESSIVE;
				GCC_WARN_UNUSED_FUNCTION = YES;
				GCC_WARN_UNUSED_VARIABLE = YES;
				LOCALIZATION_PREFERS_STRING_CATALOGS = YES;
				MACOSX_DEPLOYMENT_TARGET = 14.0;
				MTL_ENABLE_DEBUG_INFO = NO;
				MTL_FAST_MATH = YES;
				SDKROOT = macosx;
				SWIFT_COMPILATION_MODE = wholemodule;
			};
			name = Release;
		};
		6FA029E62C6DA2AD009135A4 /* Debug */ = {
			isa = XCBuildConfiguration;
			buildSettings = {
				ALWAYS_EMBED_SWIFT_STANDARD_LIBRARIES = YES;
				ASSETCATALOG_COMPILER_APPICON_NAME = AppIcon;
				ASSETCATALOG_COMPILER_GLOBAL_ACCENT_COLOR_NAME = AccentColor;
				CODE_SIGN_ENTITLEMENTS = Comments/Comments.entitlements;
				CODE_SIGN_STYLE = Automatic;
				COMBINE_HIDPI_IMAGES = YES;
				CURRENT_PROJECT_VERSION = 1;
				DEVELOPMENT_ASSET_PATHS = "\"Comments/Preview Content\"";
				DEVELOPMENT_TEAM = 67LK844XT5;
				ENABLE_HARDENED_RUNTIME = YES;
				ENABLE_PREVIEWS = YES;
				GENERATE_INFOPLIST_FILE = YES;
				INFOPLIST_KEY_LSApplicationCategoryType = "public.app-category.developer-tools";
				INFOPLIST_KEY_NSHumanReadableCopyright = "";
				LD_RUNPATH_SEARCH_PATHS = (
					"$(inherited)",
					"@executable_path/../Frameworks",
				);
				MACOSX_DEPLOYMENT_TARGET = 13.0;
				MARKETING_VERSION = 1.0;
				PRODUCT_BUNDLE_IDENTIFIER = com.0x0o.Comments;
				PRODUCT_NAME = "$(TARGET_NAME)";
				SWIFT_EMIT_LOC_STRINGS = YES;
				SWIFT_VERSION = 5.0;
			};
			name = Debug;
		};
		6FA029E72C6DA2AD009135A4 /* Release */ = {
			isa = XCBuildConfiguration;
			buildSettings = {
				ALWAYS_EMBED_SWIFT_STANDARD_LIBRARIES = YES;
				ASSETCATALOG_COMPILER_APPICON_NAME = AppIcon;
				ASSETCATALOG_COMPILER_GLOBAL_ACCENT_COLOR_NAME = AccentColor;
				CODE_SIGN_ENTITLEMENTS = Comments/Comments.entitlements;
				CODE_SIGN_STYLE = Automatic;
				COMBINE_HIDPI_IMAGES = YES;
				CURRENT_PROJECT_VERSION = 1;
				DEVELOPMENT_ASSET_PATHS = "\"Comments/Preview Content\"";
				DEVELOPMENT_TEAM = 67LK844XT5;
				ENABLE_HARDENED_RUNTIME = YES;
				ENABLE_PREVIEWS = YES;
				GENERATE_INFOPLIST_FILE = YES;
				INFOPLIST_KEY_LSApplicationCategoryType = "public.app-category.developer-tools";
				INFOPLIST_KEY_NSHumanReadableCopyright = "";
				LD_RUNPATH_SEARCH_PATHS = (
					"$(inherited)",
					"@executable_path/../Frameworks",
				);
				MACOSX_DEPLOYMENT_TARGET = 13.0;
				MARKETING_VERSION = 1.0;
				PRODUCT_BUNDLE_IDENTIFIER = com.0x0o.Comments;
				PRODUCT_NAME = "$(TARGET_NAME)";
				SWIFT_EMIT_LOC_STRINGS = YES;
				SWIFT_VERSION = 5.0;
			};
			name = Release;
		};
/* End XCBuildConfiguration section */

/* Begin XCConfigurationList section */
		6F9B72D02C6DA4B900B38A33 /* Build configuration list for PBXNativeTarget "CommentsExtension" */ = {
			isa = XCConfigurationList;
			buildConfigurations = (
				6F9B72CE2C6DA4B900B38A33 /* Debug */,
				6F9B72CF2C6DA4B900B38A33 /* Release */,
			);
			defaultConfigurationIsVisible = 0;
			defaultConfigurationName = Release;
		};
		6FA029D12C6DA2AC009135A4 /* Build configuration list for PBXProject "Comments" */ = {
			isa = XCConfigurationList;
			buildConfigurations = (
				6FA029E32C6DA2AD009135A4 /* Debug */,
				6FA029E42C6DA2AD009135A4 /* Release */,
			);
			defaultConfigurationIsVisible = 0;
			defaultConfigurationName = Release;
		};
		6FA029E52C6DA2AD009135A4 /* Build configuration list for PBXNativeTarget "Comments" */ = {
			isa = XCConfigurationList;
			buildConfigurations = (
				6FA029E62C6DA2AD009135A4 /* Debug */,
				6FA029E72C6DA2AD009135A4 /* Release */,
			);
			defaultConfigurationIsVisible = 0;
			defaultConfigurationName = Release;
		};
/* End XCConfigurationList section */
	};
	rootObject = 6FA029CE2C6DA2AC009135A4 /* Project object */;
}
